
Microsoft Visual Studio Solution File, Format Version 12.00
# Visual Studio Version 17
VisualStudioVersion = 17.5.002.0
MinimumVisualStudioVersion = 10.0.40219.1
Project("{2150E333-8FDC-42A3-9474-1A3956D46DE8}") = "csharp-prep", "csharp-prep", "{C1215AA3-162A-4B7D-8136-2DCFD90EAE4C}"
EndProject
Project("{9A19103F-16F7-4668-BE54-9A1E7A4F7556}") = "Prep1", "csharp-prep\Prep1\Prep1.csproj", "{6516278F-DA40-4B36-8C79-C11275FFF5C1}"
EndProject
Project("{9A19103F-16F7-4668-BE54-9A1E7A4F7556}") = "Prep2", "csharp-prep\Prep2\Prep2.csproj", "{5EBCCFF8-BE51-4515-9911-9228FC49931A}"
EndProject
Project("{9A19103F-16F7-4668-BE54-9A1E7A4F7556}") = "Prep3", "csharp-prep\Prep3\Prep3.csproj", "{812D276C-0F96-459A-A2F6-26BE1CA7F5E0}"
EndProject
Project("{9A19103F-16F7-4668-BE54-9A1E7A4F7556}") = "Prep4", "csharp-prep\Prep4\Prep4.csproj", "{F74EDF3E-C621-4277-A4F8-55C94CA2248B}"
EndProject
Project("{9A19103F-16F7-4668-BE54-9A1E7A4F7556}") = "Prep5", "csharp-prep\Prep5\Prep5.csproj", "{3CB66378-88D5-4F06-A5AD-84D50A26E922}"
EndProject
Project("{2150E333-8FDC-42A3-9474-1A3956D46DE8}") = "final", "final", "{08929D09-3483-4516-92E8-9616B16D5B88}"
EndProject
Project("{9A19103F-16F7-4668-BE54-9A1E7A4F7556}") = "FinalProject", "final\FinalProject\FinalProject.csproj", "{AC0B6A9D-C439-4957-A8D3-5F8AAC8871B6}"
EndProject
Project("{9A19103F-16F7-4668-BE54-9A1E7A4F7556}") = "Foundation1", "final\Foundation1\Foundation1.csproj", "{E96DD61F-5A5C-4079-9D7F-2B4E02C441BE}"
EndProject
Project("{9A19103F-16F7-4668-BE54-9A1E7A4F7556}") = "Foundation2", "final\Foundation2\Foundation2.csproj", "{656CACCF-5500-4BC2-8D3C-571842CAF090}"
EndProject
Project("{9A19103F-16F7-4668-BE54-9A1E7A4F7556}") = "Foundation3", "final\Foundation3\Foundation3.csproj", "{0D366838-DF85-41FF-ACAF-2A7A6EADEB4A}"
EndProject
Project("{9A19103F-16F7-4668-BE54-9A1E7A4F7556}") = "Foundation4", "final\Foundation4\Foundation4.csproj", "{C01ADE09-500A-4489-9C21-29FB5A3B38AC}"
EndProject
Project("{2150E333-8FDC-42A3-9474-1A3956D46DE8}") = "prepare", "prepare", "{C99D3D20-2847-442A-934C-D1834AAF9880}"
EndProject
Project("{9A19103F-16F7-4668-BE54-9A1E7A4F7556}") = "Learning02", "prepare\Learning02\Learning02.csproj", "{ED9551F2-A53A-438E-AEC3-1F7BF9065F24}"
EndProject
Project("{9A19103F-16F7-4668-BE54-9A1E7A4F7556}") = "Learning03", "prepare\Learning03\Learning03.csproj", "{8192E2EC-618A-4B1D-A381-6E822BD09F8E}"
EndProject
Project("{9A19103F-16F7-4668-BE54-9A1E7A4F7556}") = "Learning04", "prepare\Learning04\Learning04.csproj", "{C2BBA29C-81C2-4A21-954D-080A3E560A08}"
EndProject
Project("{9A19103F-16F7-4668-BE54-9A1E7A4F7556}") = "Learning05", "prepare\Learning05\Learning05.csproj", "{4E0C5A98-7E52-431F-927E-8BBDAF50521C}"
EndProject
Project("{2150E333-8FDC-42A3-9474-1A3956D46DE8}") = "prove", "prove", "{2A1BD9CA-6B14-4D91-B8D3-7935E9F6C660}"
EndProject
Project("{9A19103F-16F7-4668-BE54-9A1E7A4F7556}") = "Develop02", "prove\Develop02\Develop02.csproj", "{77E56613-B403-47AF-AF61-A76EB74D636B}"
EndProject
Project("{9A19103F-16F7-4668-BE54-9A1E7A4F7556}") = "Develop03", "prove\Develop03\Develop03.csproj", "{79FA5C48-276C-4112-896F-C78568044EFE}"
EndProject
Project("{9A19103F-16F7-4668-BE54-9A1E7A4F7556}") = "Develop04", "prove\Develop04\Develop04.csproj", "{68496E1B-A4A5-4B54-A54B-D5DD57C27DA8}"
EndProject
Project("{9A19103F-16F7-4668-BE54-9A1E7A4F7556}") = "Develop05", "prove\Develop05\Develop05.csproj", "{E283BF23-D794-4F43-83F7-EC26FF8D2EE4}"
EndProject
Project("{2150E333-8FDC-42A3-9474-1A3956D46DE8}") = "sandbox", "sandbox", "{C1C33E39-50E4-47DD-94CA-6B152E45D37E}"
EndProject
Project("{9A19103F-16F7-4668-BE54-9A1E7A4F7556}") = "Sandbox", "sandbox\Sandbox\Sandbox.csproj", "{0E95BAE4-2F85-48E8-A089-1F371557C545}"
EndProject
Global
	GlobalSection(SolutionConfigurationPlatforms) = preSolution
		Debug|Any CPU = Debug|Any CPU
		Release|Any CPU = Release|Any CPU
	EndGlobalSection
	GlobalSection(ProjectConfigurationPlatforms) = postSolution
		{6516278F-DA40-4B36-8C79-C11275FFF5C1}.Debug|Any CPU.ActiveCfg = Debug|Any CPU
		{6516278F-DA40-4B36-8C79-C11275FFF5C1}.Debug|Any CPU.Build.0 = Debug|Any CPU
		{6516278F-DA40-4B36-8C79-C11275FFF5C1}.Release|Any CPU.ActiveCfg = Release|Any CPU
		{6516278F-DA40-4B36-8C79-C11275FFF5C1}.Release|Any CPU.Build.0 = Release|Any CPU
		{5EBCCFF8-BE51-4515-9911-9228FC49931A}.Debug|Any CPU.ActiveCfg = Debug|Any CPU
		{5EBCCFF8-BE51-4515-9911-9228FC49931A}.Debug|Any CPU.Build.0 = Debug|Any CPU
		{5EBCCFF8-BE51-4515-9911-9228FC49931A}.Release|Any CPU.ActiveCfg = Release|Any CPU
		{5EBCCFF8-BE51-4515-9911-9228FC49931A}.Release|Any CPU.Build.0 = Release|Any CPU
		{812D276C-0F96-459A-A2F6-26BE1CA7F5E0}.Debug|Any CPU.ActiveCfg = Debug|Any CPU
		{812D276C-0F96-459A-A2F6-26BE1CA7F5E0}.Debug|Any CPU.Build.0 = Debug|Any CPU
		{812D276C-0F96-459A-A2F6-26BE1CA7F5E0}.Release|Any CPU.ActiveCfg = Release|Any CPU
		{812D276C-0F96-459A-A2F6-26BE1CA7F5E0}.Release|Any CPU.Build.0 = Release|Any CPU
		{F74EDF3E-C621-4277-A4F8-55C94CA2248B}.Debug|Any CPU.ActiveCfg = Debug|Any CPU
		{F74EDF3E-C621-4277-A4F8-55C94CA2248B}.Debug|Any CPU.Build.0 = Debug|Any CPU
		{F74EDF3E-C621-4277-A4F8-55C94CA2248B}.Release|Any CPU.ActiveCfg = Release|Any CPU
		{F74EDF3E-C621-4277-A4F8-55C94CA2248B}.Release|Any CPU.Build.0 = Release|Any CPU
		{3CB66378-88D5-4F06-A5AD-84D50A26E922}.Debug|Any CPU.ActiveCfg = Debug|Any CPU
		{3CB66378-88D5-4F06-A5AD-84D50A26E922}.Debug|Any CPU.Build.0 = Debug|Any CPU
		{3CB66378-88D5-4F06-A5AD-84D50A26E922}.Release|Any CPU.ActiveCfg = Release|Any CPU
		{3CB66378-88D5-4F06-A5AD-84D50A26E922}.Release|Any CPU.Build.0 = Release|Any CPU
		{AC0B6A9D-C439-4957-A8D3-5F8AAC8871B6}.Debug|Any CPU.ActiveCfg = Debug|Any CPU
		{AC0B6A9D-C439-4957-A8D3-5F8AAC8871B6}.Debug|Any CPU.Build.0 = Debug|Any CPU
		{AC0B6A9D-C439-4957-A8D3-5F8AAC8871B6}.Release|Any CPU.ActiveCfg = Release|Any CPU
		{AC0B6A9D-C439-4957-A8D3-5F8AAC8871B6}.Release|Any CPU.Build.0 = Release|Any CPU
		{E96DD61F-5A5C-4079-9D7F-2B4E02C441BE}.Debug|Any CPU.ActiveCfg = Debug|Any CPU
		{E96DD61F-5A5C-4079-9D7F-2B4E02C441BE}.Debug|Any CPU.Build.0 = Debug|Any CPU
		{E96DD61F-5A5C-4079-9D7F-2B4E02C441BE}.Release|Any CPU.ActiveCfg = Release|Any CPU
		{E96DD61F-5A5C-4079-9D7F-2B4E02C441BE}.Release|Any CPU.Build.0 = Release|Any CPU
		{656CACCF-5500-4BC2-8D3C-571842CAF090}.Debug|Any CPU.ActiveCfg = Debug|Any CPU
		{656CACCF-5500-4BC2-8D3C-571842CAF090}.Debug|Any CPU.Build.0 = Debug|Any CPU
		{656CACCF-5500-4BC2-8D3C-571842CAF090}.Release|Any CPU.ActiveCfg = Release|Any CPU
		{656CACCF-5500-4BC2-8D3C-571842CAF090}.Release|Any CPU.Build.0 = Release|Any CPU
		{0D366838-DF85-41FF-ACAF-2A7A6EADEB4A}.Debug|Any CPU.ActiveCfg = Debug|Any CPU
		{0D366838-DF85-41FF-ACAF-2A7A6EADEB4A}.Debug|Any CPU.Build.0 = Debug|Any CPU
		{0D366838-DF85-41FF-ACAF-2A7A6EADEB4A}.Release|Any CPU.ActiveCfg = Release|Any CPU
		{0D366838-DF85-41FF-ACAF-2A7A6EADEB4A}.Release|Any CPU.Build.0 = Release|Any CPU
		{C01ADE09-500A-4489-9C21-29FB5A3B38AC}.Debug|Any CPU.ActiveCfg = Debug|Any CPU
		{C01ADE09-500A-4489-9C21-29FB5A3B38AC}.Debug|Any CPU.Build.0 = Debug|Any CPU
		{C01ADE09-500A-4489-9C21-29FB5A3B38AC}.Release|Any CPU.ActiveCfg = Release|Any CPU
		{C01ADE09-500A-4489-9C21-29FB5A3B38AC}.Release|Any CPU.Build.0 = Release|Any CPU
		{ED9551F2-A53A-438E-AEC3-1F7BF9065F24}.Debug|Any CPU.ActiveCfg = Debug|Any CPU
		{ED9551F2-A53A-438E-AEC3-1F7BF9065F24}.Debug|Any CPU.Build.0 = Debug|Any CPU
		{ED9551F2-A53A-438E-AEC3-1F7BF9065F24}.Release|Any CPU.ActiveCfg = Release|Any CPU
		{ED9551F2-A53A-438E-AEC3-1F7BF9065F24}.Release|Any CPU.Build.0 = Release|Any CPU
		{8192E2EC-618A-4B1D-A381-6E822BD09F8E}.Debug|Any CPU.ActiveCfg = Debug|Any CPU
		{8192E2EC-618A-4B1D-A381-6E822BD09F8E}.Debug|Any CPU.Build.0 = Debug|Any CPU
		{8192E2EC-618A-4B1D-A381-6E822BD09F8E}.Release|Any CPU.ActiveCfg = Release|Any CPU
		{8192E2EC-618A-4B1D-A381-6E822BD09F8E}.Release|Any CPU.Build.0 = Release|Any CPU
		{C2BBA29C-81C2-4A21-954D-080A3E560A08}.Debug|Any CPU.ActiveCfg = Debug|Any CPU
		{C2BBA29C-81C2-4A21-954D-080A3E560A08}.Debug|Any CPU.Build.0 = Debug|Any CPU
		{C2BBA29C-81C2-4A21-954D-080A3E560A08}.Release|Any CPU.ActiveCfg = Release|Any CPU
		{C2BBA29C-81C2-4A21-954D-080A3E560A08}.Release|Any CPU.Build.0 = Release|Any CPU
		{4E0C5A98-7E52-431F-927E-8BBDAF50521C}.Debug|Any CPU.ActiveCfg = Debug|Any CPU
		{4E0C5A98-7E52-431F-927E-8BBDAF50521C}.Debug|Any CPU.Build.0 = Debug|Any CPU
		{4E0C5A98-7E52-431F-927E-8BBDAF50521C}.Release|Any CPU.ActiveCfg = Release|Any CPU
		{4E0C5A98-7E52-431F-927E-8BBDAF50521C}.Release|Any CPU.Build.0 = Release|Any CPU
		{77E56613-B403-47AF-AF61-A76EB74D636B}.Debug|Any CPU.ActiveCfg = Debug|Any CPU
		{77E56613-B403-47AF-AF61-A76EB74D636B}.Debug|Any CPU.Build.0 = Debug|Any CPU
		{77E56613-B403-47AF-AF61-A76EB74D636B}.Release|Any CPU.ActiveCfg = Release|Any CPU
		{77E56613-B403-47AF-AF61-A76EB74D636B}.Release|Any CPU.Build.0 = Release|Any CPU
		{79FA5C48-276C-4112-896F-C78568044EFE}.Debug|Any CPU.ActiveCfg = Debug|Any CPU
		{79FA5C48-276C-4112-896F-C78568044EFE}.Debug|Any CPU.Build.0 = Debug|Any CPU
		{79FA5C48-276C-4112-896F-C78568044EFE}.Release|Any CPU.ActiveCfg = Release|Any CPU
		{79FA5C48-276C-4112-896F-C78568044EFE}.Release|Any CPU.Build.0 = Release|Any CPU
		{68496E1B-A4A5-4B54-A54B-D5DD57C27DA8}.Debug|Any CPU.ActiveCfg = Debug|Any CPU
		{68496E1B-A4A5-4B54-A54B-D5DD57C27DA8}.Debug|Any CPU.Build.0 = Debug|Any CPU
		{68496E1B-A4A5-4B54-A54B-D5DD57C27DA8}.Release|Any CPU.ActiveCfg = Release|Any CPU
		{68496E1B-A4A5-4B54-A54B-D5DD57C27DA8}.Release|Any CPU.Build.0 = Release|Any CPU
		{E283BF23-D794-4F43-83F7-EC26FF8D2EE4}.Debug|Any CPU.ActiveCfg = Debug|Any CPU
		{E283BF23-D794-4F43-83F7-EC26FF8D2EE4}.Debug|Any CPU.Build.0 = Debug|Any CPU
		{E283BF23-D794-4F43-83F7-EC26FF8D2EE4}.Release|Any CPU.ActiveCfg = Release|Any CPU
		{E283BF23-D794-4F43-83F7-EC26FF8D2EE4}.Release|Any CPU.Build.0 = Release|Any CPU
		{0E95BAE4-2F85-48E8-A089-1F371557C545}.Debug|Any CPU.ActiveCfg = Debug|Any CPU
		{0E95BAE4-2F85-48E8-A089-1F371557C545}.Debug|Any CPU.Build.0 = Debug|Any CPU
		{0E95BAE4-2F85-48E8-A089-1F371557C545}.Release|Any CPU.ActiveCfg = Release|Any CPU
		{0E95BAE4-2F85-48E8-A089-1F371557C545}.Release|Any CPU.Build.0 = Release|Any CPU
	EndGlobalSection
	GlobalSection(SolutionProperties) = preSolution
		HideSolutionNode = FALSE
	EndGlobalSection
	GlobalSection(NestedProjects) = preSolution
		{6516278F-DA40-4B36-8C79-C11275FFF5C1} = {C1215AA3-162A-4B7D-8136-2DCFD90EAE4C}
		{5EBCCFF8-BE51-4515-9911-9228FC49931A} = {C1215AA3-162A-4B7D-8136-2DCFD90EAE4C}
		{812D276C-0F96-459A-A2F6-26BE1CA7F5E0} = {C1215AA3-162A-4B7D-8136-2DCFD90EAE4C}
		{F74EDF3E-C621-4277-A4F8-55C94CA2248B} = {C1215AA3-162A-4B7D-8136-2DCFD90EAE4C}
		{3CB66378-88D5-4F06-A5AD-84D50A26E922} = {C1215AA3-162A-4B7D-8136-2DCFD90EAE4C}
		{AC0B6A9D-C439-4957-A8D3-5F8AAC8871B6} = {08929D09-3483-4516-92E8-9616B16D5B88}
		{E96DD61F-5A5C-4079-9D7F-2B4E02C441BE} = {08929D09-3483-4516-92E8-9616B16D5B88}
		{656CACCF-5500-4BC2-8D3C-571842CAF090} = {08929D09-3483-4516-92E8-9616B16D5B88}
		{0D366838-DF85-41FF-ACAF-2A7A6EADEB4A} = {08929D09-3483-4516-92E8-9616B16D5B88}
		{C01ADE09-500A-4489-9C21-29FB5A3B38AC} = {08929D09-3483-4516-92E8-9616B16D5B88}
		{ED9551F2-A53A-438E-AEC3-1F7BF9065F24} = {C99D3D20-2847-442A-934C-D1834AAF9880}
		{8192E2EC-618A-4B1D-A381-6E822BD09F8E} = {C99D3D20-2847-442A-934C-D1834AAF9880}
		{C2BBA29C-81C2-4A21-954D-080A3E560A08} = {C99D3D20-2847-442A-934C-D1834AAF9880}
		{4E0C5A98-7E52-431F-927E-8BBDAF50521C} = {C99D3D20-2847-442A-934C-D1834AAF9880}
		{77E56613-B403-47AF-AF61-A76EB74D636B} = {2A1BD9CA-6B14-4D91-B8D3-7935E9F6C660}
		{79FA5C48-276C-4112-896F-C78568044EFE} = {2A1BD9CA-6B14-4D91-B8D3-7935E9F6C660}
		{68496E1B-A4A5-4B54-A54B-D5DD57C27DA8} = {2A1BD9CA-6B14-4D91-B8D3-7935E9F6C660}
		{E283BF23-D794-4F43-83F7-EC26FF8D2EE4} = {2A1BD9CA-6B14-4D91-B8D3-7935E9F6C660}
		{0E95BAE4-2F85-48E8-A089-1F371557C545} = {C1C33E39-50E4-47DD-94CA-6B152E45D37E}
	EndGlobalSection
	GlobalSection(ExtensibilityGlobals) = postSolution
		SolutionGuid = {EC707583-8781-4DBB-9B6A-D6103446E0A8}
	EndGlobalSection
EndGlobal
